
Microsoft Visual Studio Solution File, Format Version 12.00
# Visual Studio 15
VisualStudioVersion = 15.0.33919.361
MinimumVisualStudioVersion = 10.0.40219.1
Project("{FAE04EC0-301F-11D3-BF4B-00C04F79EFBC}") = "MVC_Projem_Presentation", "MVC_Projem\MVC_Projem_Presentation.csproj", "{4BF5E705-A9ED-4387-986E-A09CDC21C71C}"
EndProject
Project("{FAE04EC0-301F-11D3-BF4B-00C04F79EFBC}") = "MVC_Projem_BusinessLogicLayer(BLL)", "MVC_Projem_BusinessLogicLayer(BLL)\MVC_Projem_BusinessLogicLayer(BLL).csproj", "{3E79C6C2-21B0-4F4E-B030-EDE1ADB1B2A0}"
EndProject
Project("{FAE04EC0-301F-11D3-BF4B-00C04F79EFBC}") = "MVC_Projem_DataAccessLayer(DAL)", "MVC_Projem_DataAccessLayer(DAL)\MVC_Projem_DataAccessLayer(DAL).csproj", "{B1AEE1B6-2888-4C8D-B6F9-EA0634B62FF4}"
EndProject
Project("{FAE04EC0-301F-11D3-BF4B-00C04F79EFBC}") = "MVC_Projem_EntityLayer(Model)", "MVC_Projem_EntityLayer(Model)\MVC_Projem_EntityLayer(Model).csproj", "{B16AAF28-84F1-4E6B-9F8D-B31869CAC6A6}"
EndProject
Global
	GlobalSection(SolutionConfigurationPlatforms) = preSolution
		Debug|Any CPU = Debug|Any CPU
		Release|Any CPU = Release|Any CPU
	EndGlobalSection
	GlobalSection(ProjectConfigurationPlatforms) = postSolution
		{4BF5E705-A9ED-4387-986E-A09CDC21C71C}.Debug|Any CPU.ActiveCfg = Debug|Any CPU
		{4BF5E705-A9ED-4387-986E-A09CDC21C71C}.Debug|Any CPU.Build.0 = Debug|Any CPU
		{4BF5E705-A9ED-4387-986E-A09CDC21C71C}.Release|Any CPU.ActiveCfg = Release|Any CPU
		{4BF5E705-A9ED-4387-986E-A09CDC21C71C}.Release|Any CPU.Build.0 = Release|Any CPU
		{3E79C6C2-21B0-4F4E-B030-EDE1ADB1B2A0}.Debug|Any CPU.ActiveCfg = Debug|Any CPU
		{3E79C6C2-21B0-4F4E-B030-EDE1ADB1B2A0}.Debug|Any CPU.Build.0 = Debug|Any CPU
		{3E79C6C2-21B0-4F4E-B030-EDE1ADB1B2A0}.Release|Any CPU.ActiveCfg = Release|Any CPU
		{3E79C6C2-21B0-4F4E-B030-EDE1ADB1B2A0}.Release|Any CPU.Build.0 = Release|Any CPU
		{B1AEE1B6-2888-4C8D-B6F9-EA0634B62FF4}.Debug|Any CPU.ActiveCfg = Debug|Any CPU
		{B1AEE1B6-2888-4C8D-B6F9-EA0634B62FF4}.Debug|Any CPU.Build.0 = Debug|Any CPU
		{B1AEE1B6-2888-4C8D-B6F9-EA0634B62FF4}.Release|Any CPU.ActiveCfg = Release|Any CPU
		{B1AEE1B6-2888-4C8D-B6F9-EA0634B62FF4}.Release|Any CPU.Build.0 = Release|Any CPU
		{B16AAF28-84F1-4E6B-9F8D-B31869CAC6A6}.Debug|Any CPU.ActiveCfg = Debug|Any CPU
		{B16AAF28-84F1-4E6B-9F8D-B31869CAC6A6}.Debug|Any CPU.Build.0 = Debug|Any CPU
		{B16AAF28-84F1-4E6B-9F8D-B31869CAC6A6}.Release|Any CPU.ActiveCfg = Release|Any CPU
		{B16AAF28-84F1-4E6B-9F8D-B31869CAC6A6}.Release|Any CPU.Build.0 = Release|Any CPU
	EndGlobalSection
	GlobalSection(SolutionProperties) = preSolution
		HideSolutionNode = FALSE
	EndGlobalSection
	GlobalSection(ExtensibilityGlobals) = postSolution
		SolutionGuid = {396CE46D-F551-412E-B8A8-5CDE59F2BA6B}
	EndGlobalSection
EndGlobal
